
Microsoft Visual Studio Solution File, Format Version 12.00
# Visual Studio Version 17
VisualStudioVersion = 17.11.35208.52
MinimumVisualStudioVersion = 10.0.40219.1
Project("{9A19103F-16F7-4668-BE54-9A1E7A4F7556}") = "Web", "Web\Web.csproj", "{3F394F25-3416-41B2-9D7D-5D55716CA2A5}"
EndProject
Project("{9A19103F-16F7-4668-BE54-9A1E7A4F7556}") = "Core", "Core\Core.csproj", "{B837C5FC-9C39-4DBF-819B-F2F7C1D859B2}"
EndProject
Project("{9A19103F-16F7-4668-BE54-9A1E7A4F7556}") = "Persistence", "Persistence\Persistence.csproj", "{29B7B634-34CE-43B8-9EC2-4D66C464C56B}"
EndProject
Project("{2150E333-8FDC-42A3-9474-1A3956D46DE8}") = "Solution Items", "Solution Items", "{B797CBAF-7753-4658-AE89-9AB33FA2B78F}"
	ProjectSection(SolutionItems) = preProject
		.editorconfig = .editorconfig
		.gitignore = .gitignore
		User.png = User.png
	EndProjectSection
EndProject
Project("{9A19103F-16F7-4668-BE54-9A1E7A4F7556}") = "Application", "Application\Application.csproj", "{9E2314DC-7208-4811-82EA-9EA9FE91CED4}"
EndProject
Project("{9A19103F-16F7-4668-BE54-9A1E7A4F7556}") = "Infrastructure", "Infrastructure\Infrastructure.csproj", "{F2A8A2AB-1AF3-450B-ADB3-DD9ADDCDEA7F}"
EndProject
Project("{00D1A9C2-B5F0-4AF3-8072-F6C62B433612}") = "Database", "Database\Database.sqlproj", "{752FC74A-8E8F-45DB-9EAB-9170C9DB74E3}"
EndProject
Project("{2150E333-8FDC-42A3-9474-1A3956D46DE8}") = "terraform", "terraform", "{BF304102-B438-49B8-93D2-9D19CAB498F5}"
	ProjectSection(SolutionItems) = preProject
		main.tf = main.tf
		provider.tf = provider.tf
		terraform.tf = terraform.tf
		variables.tf = variables.tf
	EndProjectSection
EndProject
Global
	GlobalSection(SolutionConfigurationPlatforms) = preSolution
		Debug|Any CPU = Debug|Any CPU
		Release|Any CPU = Release|Any CPU
	EndGlobalSection
	GlobalSection(ProjectConfigurationPlatforms) = postSolution
		{3F394F25-3416-41B2-9D7D-5D55716CA2A5}.Debug|Any CPU.ActiveCfg = Debug|Any CPU
		{3F394F25-3416-41B2-9D7D-5D55716CA2A5}.Debug|Any CPU.Build.0 = Debug|Any CPU
		{3F394F25-3416-41B2-9D7D-5D55716CA2A5}.Release|Any CPU.ActiveCfg = Release|Any CPU
		{3F394F25-3416-41B2-9D7D-5D55716CA2A5}.Release|Any CPU.Build.0 = Release|Any CPU
		{B837C5FC-9C39-4DBF-819B-F2F7C1D859B2}.Debug|Any CPU.ActiveCfg = Debug|Any CPU
		{B837C5FC-9C39-4DBF-819B-F2F7C1D859B2}.Debug|Any CPU.Build.0 = Debug|Any CPU
		{B837C5FC-9C39-4DBF-819B-F2F7C1D859B2}.Release|Any CPU.ActiveCfg = Release|Any CPU
		{B837C5FC-9C39-4DBF-819B-F2F7C1D859B2}.Release|Any CPU.Build.0 = Release|Any CPU
		{29B7B634-34CE-43B8-9EC2-4D66C464C56B}.Debug|Any CPU.ActiveCfg = Debug|Any CPU
		{29B7B634-34CE-43B8-9EC2-4D66C464C56B}.Debug|Any CPU.Build.0 = Debug|Any CPU
		{29B7B634-34CE-43B8-9EC2-4D66C464C56B}.Release|Any CPU.ActiveCfg = Release|Any CPU
		{29B7B634-34CE-43B8-9EC2-4D66C464C56B}.Release|Any CPU.Build.0 = Release|Any CPU
		{9E2314DC-7208-4811-82EA-9EA9FE91CED4}.Debug|Any CPU.ActiveCfg = Debug|Any CPU
		{9E2314DC-7208-4811-82EA-9EA9FE91CED4}.Debug|Any CPU.Build.0 = Debug|Any CPU
		{9E2314DC-7208-4811-82EA-9EA9FE91CED4}.Release|Any CPU.ActiveCfg = Release|Any CPU
		{9E2314DC-7208-4811-82EA-9EA9FE91CED4}.Release|Any CPU.Build.0 = Release|Any CPU
		{F2A8A2AB-1AF3-450B-ADB3-DD9ADDCDEA7F}.Debug|Any CPU.ActiveCfg = Debug|Any CPU
		{F2A8A2AB-1AF3-450B-ADB3-DD9ADDCDEA7F}.Debug|Any CPU.Build.0 = Debug|Any CPU
		{F2A8A2AB-1AF3-450B-ADB3-DD9ADDCDEA7F}.Release|Any CPU.ActiveCfg = Release|Any CPU
		{F2A8A2AB-1AF3-450B-ADB3-DD9ADDCDEA7F}.Release|Any CPU.Build.0 = Release|Any CPU
		{752FC74A-8E8F-45DB-9EAB-9170C9DB74E3}.Debug|Any CPU.ActiveCfg = Debug|Any CPU
		{752FC74A-8E8F-45DB-9EAB-9170C9DB74E3}.Debug|Any CPU.Build.0 = Debug|Any CPU
		{752FC74A-8E8F-45DB-9EAB-9170C9DB74E3}.Debug|Any CPU.Deploy.0 = Debug|Any CPU
		{752FC74A-8E8F-45DB-9EAB-9170C9DB74E3}.Release|Any CPU.ActiveCfg = Release|Any CPU
		{752FC74A-8E8F-45DB-9EAB-9170C9DB74E3}.Release|Any CPU.Build.0 = Release|Any CPU
		{752FC74A-8E8F-45DB-9EAB-9170C9DB74E3}.Release|Any CPU.Deploy.0 = Release|Any CPU
	EndGlobalSection
	GlobalSection(SolutionProperties) = preSolution
		HideSolutionNode = FALSE
	EndGlobalSection
	GlobalSection(NestedProjects) = preSolution
		{BF304102-B438-49B8-93D2-9D19CAB498F5} = {B797CBAF-7753-4658-AE89-9AB33FA2B78F}
	EndGlobalSection
	GlobalSection(ExtensibilityGlobals) = postSolution
		SolutionGuid = {C2FC395B-DF0F-4B7C-A247-688C76F73140}
	EndGlobalSection
EndGlobal
